// !$*UTF8*$!
{
	archiveVersion = 1;
	classes = {
	};
	objectVersion = 55;
	objects = {

/* Begin PBXBuildFile section */
		B422F73E27A75F66005FD730 /* MoonshotApp.swift in Sources */ = {isa = PBXBuildFile; fileRef = B422F73D27A75F66005FD730 /* MoonshotApp.swift */; };
		B422F74027A75F66005FD730 /* ContentView.swift in Sources */ = {isa = PBXBuildFile; fileRef = B422F73F27A75F66005FD730 /* ContentView.swift */; };
		B422F74227A75F77005FD730 /* Assets.xcassets in Resources */ = {isa = PBXBuildFile; fileRef = B422F74127A75F77005FD730 /* Assets.xcassets */; };
		B422F74527A75F77005FD730 /* Preview Assets.xcassets in Resources */ = {isa = PBXBuildFile; fileRef = B422F74427A75F77005FD730 /* Preview Assets.xcassets */; };
		B489F16327A7D74000EA5C01 /* ScrollViewss.swift in Sources */ = {isa = PBXBuildFile; fileRef = B489F16227A7D74000EA5C01 /* ScrollViewss.swift */; };
		B489F16527A7DEB700EA5C01 /* NavLinking.swift in Sources */ = {isa = PBXBuildFile; fileRef = B489F16427A7DEB700EA5C01 /* NavLinking.swift */; };
		B489F16727A7EB6000EA5C01 /* CodableHeirachy.swift in Sources */ = {isa = PBXBuildFile; fileRef = B489F16627A7EB6000EA5C01 /* CodableHeirachy.swift */; };
		B489F16927A7F3A900EA5C01 /* ScrollingGrid.swift in Sources */ = {isa = PBXBuildFile; fileRef = B489F16827A7F3A900EA5C01 /* ScrollingGrid.swift */; };
		B489F16C27A7F5D100EA5C01 /* Astronaut.swift in Sources */ = {isa = PBXBuildFile; fileRef = B489F16B27A7F5D000EA5C01 /* Astronaut.swift */; };
		B489F17027A7FF8100EA5C01 /* astronauts.json in Resources */ = {isa = PBXBuildFile; fileRef = B489F16F27A7FF8100EA5C01 /* astronauts.json */; };
		B489F17227A7FF9600EA5C01 /* missions.json in Resources */ = {isa = PBXBuildFile; fileRef = B489F17127A7FF9600EA5C01 /* missions.json */; };
		B489F17427A82ACB00EA5C01 /* Bundle-Decodable.swift in Sources */ = {isa = PBXBuildFile; fileRef = B489F17327A82ACB00EA5C01 /* Bundle-Decodable.swift */; };
		B489F17627A8311500EA5C01 /* Mission.swift in Sources */ = {isa = PBXBuildFile; fileRef = B489F17527A8311500EA5C01 /* Mission.swift */; };
		B489F17927A9DA1500EA5C01 /* Color-Theme.swift in Sources */ = {isa = PBXBuildFile; fileRef = B489F17827A9DA1400EA5C01 /* Color-Theme.swift */; };
		B489F17B27A9F32F00EA5C01 /* MissionView.swift in Sources */ = {isa = PBXBuildFile; fileRef = B489F17A27A9F32E00EA5C01 /* MissionView.swift */; };
		B489F17D27AA8CF400EA5C01 /* AstronautView.swift in Sources */ = {isa = PBXBuildFile; fileRef = B489F17C27AA8CF300EA5C01 /* AstronautView.swift */; };
/* End PBXBuildFile section */

/* Begin PBXFileReference section */
		B422F73A27A75F65005FD730 /* Moonshot.app */ = {isa = PBXFileReference; explicitFileType = wrapper.application; includeInIndex = 0; path = Moonshot.app; sourceTree = BUILT_PRODUCTS_DIR; };
		B422F73D27A75F66005FD730 /* MoonshotApp.swift */ = {isa = PBXFileReference; lastKnownFileType = sourcecode.swift; path = MoonshotApp.swift; sourceTree = "<group>"; };
		B422F73F27A75F66005FD730 /* ContentView.swift */ = {isa = PBXFileReference; lastKnownFileType = sourcecode.swift; path = ContentView.swift; sourceTree = "<group>"; };
		B422F74127A75F77005FD730 /* Assets.xcassets */ = {isa = PBXFileReference; lastKnownFileType = folder.assetcatalog; path = Assets.xcassets; sourceTree = "<group>"; };
		B422F74427A75F77005FD730 /* Preview Assets.xcassets */ = {isa = PBXFileReference; lastKnownFileType = folder.assetcatalog; path = "Preview Assets.xcassets"; sourceTree = "<group>"; };
		B489F16227A7D74000EA5C01 /* ScrollViewss.swift */ = {isa = PBXFileReference; lastKnownFileType = sourcecode.swift; path = ScrollViewss.swift; sourceTree = "<group>"; };
		B489F16427A7DEB700EA5C01 /* NavLinking.swift */ = {isa = PBXFileReference; lastKnownFileType = sourcecode.swift; path = NavLinking.swift; sourceTree = "<group>"; };
		B489F16627A7EB6000EA5C01 /* CodableHeirachy.swift */ = {isa = PBXFileReference; lastKnownFileType = sourcecode.swift; path = CodableHeirachy.swift; sourceTree = "<group>"; };
		B489F16827A7F3A900EA5C01 /* ScrollingGrid.swift */ = {isa = PBXFileReference; lastKnownFileType = sourcecode.swift; path = ScrollingGrid.swift; sourceTree = "<group>"; };
		B489F16B27A7F5D000EA5C01 /* Astronaut.swift */ = {isa = PBXFileReference; lastKnownFileType = sourcecode.swift; path = Astronaut.swift; sourceTree = "<group>"; };
		B489F16F27A7FF8100EA5C01 /* astronauts.json */ = {isa = PBXFileReference; fileEncoding = 4; lastKnownFileType = text.json; path = astronauts.json; sourceTree = "<group>"; };
		B489F17127A7FF9600EA5C01 /* missions.json */ = {isa = PBXFileReference; fileEncoding = 4; lastKnownFileType = text.json; path = missions.json; sourceTree = "<group>"; };
		B489F17327A82ACB00EA5C01 /* Bundle-Decodable.swift */ = {isa = PBXFileReference; lastKnownFileType = sourcecode.swift; path = "Bundle-Decodable.swift"; sourceTree = "<group>"; };
		B489F17527A8311500EA5C01 /* Mission.swift */ = {isa = PBXFileReference; lastKnownFileType = sourcecode.swift; path = Mission.swift; sourceTree = "<group>"; };
		B489F17827A9DA1400EA5C01 /* Color-Theme.swift */ = {isa = PBXFileReference; lastKnownFileType = sourcecode.swift; path = "Color-Theme.swift"; sourceTree = "<group>"; };
		B489F17A27A9F32E00EA5C01 /* MissionView.swift */ = {isa = PBXFileReference; lastKnownFileType = sourcecode.swift; path = MissionView.swift; sourceTree = "<group>"; };
		B489F17C27AA8CF300EA5C01 /* AstronautView.swift */ = {isa = PBXFileReference; lastKnownFileType = sourcecode.swift; path = AstronautView.swift; sourceTree = "<group>"; };
/* End PBXFileReference section */

/* Begin PBXFrameworksBuildPhase section */
		B422F73727A75F65005FD730 /* Frameworks */ = {
			isa = PBXFrameworksBuildPhase;
			buildActionMask = 2147483647;
			files = (
			);
			runOnlyForDeploymentPostprocessing = 0;
		};
/* End PBXFrameworksBuildPhase section */

/* Begin PBXGroup section */
		B422F73127A75F64005FD730 = {
			isa = PBXGroup;
			children = (
				B422F73C27A75F65005FD730 /* Moonshot */,
				B422F73B27A75F65005FD730 /* Products */,
			);
			sourceTree = "<group>";
		};
		B422F73B27A75F65005FD730 /* Products */ = {
			isa = PBXGroup;
			children = (
				B422F73A27A75F65005FD730 /* Moonshot.app */,
			);
			name = Products;
			sourceTree = "<group>";
		};
		B422F73C27A75F65005FD730 /* Moonshot */ = {
			isa = PBXGroup;
			children = (
				B489F16A27A7F4F500EA5C01 /* Moonshots */,
				B422F73D27A75F66005FD730 /* MoonshotApp.swift */,
				B422F73F27A75F66005FD730 /* ContentView.swift */,
				B489F17A27A9F32E00EA5C01 /* MissionView.swift */,
				B489F17C27AA8CF300EA5C01 /* AstronautView.swift */,
				B489F17827A9DA1400EA5C01 /* Color-Theme.swift */,
				B489F16227A7D74000EA5C01 /* ScrollViewss.swift */,
				B489F16427A7DEB700EA5C01 /* NavLinking.swift */,
				B489F16627A7EB6000EA5C01 /* CodableHeirachy.swift */,
				B489F16827A7F3A900EA5C01 /* ScrollingGrid.swift */,
				B489F16F27A7FF8100EA5C01 /* astronauts.json */,
				B489F17127A7FF9600EA5C01 /* missions.json */,
				B422F74127A75F77005FD730 /* Assets.xcassets */,
				B422F74327A75F77005FD730 /* Preview Content */,
			);
			path = Moonshot;
			sourceTree = "<group>";
		};
		B422F74327A75F77005FD730 /* Preview Content */ = {
			isa = PBXGroup;
			children = (
				B422F74427A75F77005FD730 /* Preview Assets.xcassets */,
			);
			path = "Preview Content";
			sourceTree = "<group>";
		};
		B489F16A27A7F4F500EA5C01 /* Moonshots */ = {
			isa = PBXGroup;
			children = (
				B489F16B27A7F5D000EA5C01 /* Astronaut.swift */,
				B489F17527A8311500EA5C01 /* Mission.swift */,
				B489F17327A82ACB00EA5C01 /* Bundle-Decodable.swift */,
			);
			path = Moonshots;
			sourceTree = "<group>";
		};
/* End PBXGroup section */

/* Begin PBXNativeTarget section */
		B422F73927A75F65005FD730 /* Moonshot */ = {
			isa = PBXNativeTarget;
			buildConfigurationList = B422F74827A75F78005FD730 /* Build configuration list for PBXNativeTarget "Moonshot" */;
			buildPhases = (
				B422F73627A75F65005FD730 /* Sources */,
				B422F73727A75F65005FD730 /* Frameworks */,
				B422F73827A75F65005FD730 /* Resources */,
			);
			buildRules = (
			);
			dependencies = (
			);
			name = Moonshot;
			productName = Moonshot;
			productReference = B422F73A27A75F65005FD730 /* Moonshot.app */;
			productType = "com.apple.product-type.application";
		};
/* End PBXNativeTarget section */

/* Begin PBXProject section */
		B422F73227A75F65005FD730 /* Project object */ = {
			isa = PBXProject;
			attributes = {
				BuildIndependentTargetsInParallel = 1;
				LastSwiftUpdateCheck = 1310;
				LastUpgradeCheck = 1310;
				TargetAttributes = {
					B422F73927A75F65005FD730 = {
						CreatedOnToolsVersion = 13.1;
					};
				};
			};
			buildConfigurationList = B422F73527A75F65005FD730 /* Build configuration list for PBXProject "Moonshot" */;
			compatibilityVersion = "Xcode 13.0";
			developmentRegion = en;
			hasScannedForEncodings = 0;
			knownRegions = (
				en,
				Base,
			);
			mainGroup = B422F73127A75F64005FD730;
			productRefGroup = B422F73B27A75F65005FD730 /* Products */;
			projectDirPath = "";
			projectRoot = "";
			targets = (
				B422F73927A75F65005FD730 /* Moonshot */,
			);
		};
/* End PBXProject section */

/* Begin PBXResourcesBuildPhase section */
		B422F73827A75F65005FD730 /* Resources */ = {
			isa = PBXResourcesBuildPhase;
			buildActionMask = 2147483647;
			files = (
				B489F17027A7FF8100EA5C01 /* astronauts.json in Resources */,
				B422F74527A75F77005FD730 /* Preview Assets.xcassets in Resources */,
				B489F17227A7FF9600EA5C01 /* missions.json in Resources */,
				B422F74227A75F77005FD730 /* Assets.xcassets in Resources */,
			);
			runOnlyForDeploymentPostprocessing = 0;
		};
/* End PBXResourcesBuildPhase section */

/* Begin PBXSourcesBuildPhase section */
		B422F73627A75F65005FD730 /* Sources */ = {
			isa = PBXSourcesBuildPhase;
			buildActionMask = 2147483647;
			files = (
				B489F16727A7EB6000EA5C01 /* CodableHeirachy.swift in Sources */,
				B489F16527A7DEB700EA5C01 /* NavLinking.swift in Sources */,
				B422F74027A75F66005FD730 /* ContentView.swift in Sources */,
				B489F17427A82ACB00EA5C01 /* Bundle-Decodable.swift in Sources */,
				B489F16C27A7F5D100EA5C01 /* Astronaut.swift in Sources */,
				B489F16927A7F3A900EA5C01 /* ScrollingGrid.swift in Sources */,
				B489F17627A8311500EA5C01 /* Mission.swift in Sources */,
				B489F17B27A9F32F00EA5C01 /* MissionView.swift in Sources */,
				B422F73E27A75F66005FD730 /* MoonshotApp.swift in Sources */,
				B489F16327A7D74000EA5C01 /* ScrollViewss.swift in Sources */,
				B489F17D27AA8CF400EA5C01 /* AstronautView.swift in Sources */,
				B489F17927A9DA1500EA5C01 /* Color-Theme.swift in Sources */,
			);
			runOnlyForDeploymentPostprocessing = 0;
		};
/* End PBXSourcesBuildPhase section */

/* Begin XCBuildConfiguration section */
		B422F74627A75F77005FD730 /* Debug */ = {
			isa = XCBuildConfiguration;
			buildSettings = {
				ALWAYS_SEARCH_USER_PATHS = NO;
				CLANG_ANALYZER_NONNULL = YES;
				CLANG_ANALYZER_NUMBER_OBJECT_CONVERSION = YES_AGGRESSIVE;
				CLANG_CXX_LANGUAGE_STANDARD = "gnu++17";
				CLANG_CXX_LIBRARY = "libc++";
				CLANG_ENABLE_MODULES = YES;
				CLANG_ENABLE_OBJC_ARC = YES;
				CLANG_ENABLE_OBJC_WEAK = YES;
				CLANG_WARN_BLOCK_CAPTURE_AUTORELEASING = YES;
				CLANG_WARN_BOOL_CONVERSION = YES;
				CLANG_WARN_COMMA = YES;
				CLANG_WARN_CONSTANT_CONVERSION = YES;
				CLANG_WARN_DEPRECATED_OBJC_IMPLEMENTATIONS = YES;
				CLANG_WARN_DIRECT_OBJC_ISA_USAGE = YES_ERROR;
				CLANG_WARN_DOCUMENTATION_COMMENTS = YES;
				CLANG_WARN_EMPTY_BODY = YES;
				CLANG_WARN_ENUM_CONVERSION = YES;
				CLANG_WARN_INFINITE_RECURSION = YES;
				CLANG_WARN_INT_CONVERSION = YES;
				CLANG_WARN_NON_LITERAL_NULL_CONVERSION = YES;
				CLANG_WARN_OBJC_IMPLICIT_RETAIN_SELF = YES;
				CLANG_WARN_OBJC_LITERAL_CONVERSION = YES;
				CLANG_WARN_OBJC_ROOT_CLASS = YES_ERROR;
				CLANG_WARN_QUOTED_INCLUDE_IN_FRAMEWORK_HEADER = YES;
				CLANG_WARN_RANGE_LOOP_ANALYSIS = YES;
				CLANG_WARN_STRICT_PROTOTYPES = YES;
				CLANG_WARN_SUSPICIOUS_MOVE = YES;
				CLANG_WARN_UNGUARDED_AVAILABILITY = YES_AGGRESSIVE;
				CLANG_WARN_UNREACHABLE_CODE = YES;
				CLANG_WARN__DUPLICATE_METHOD_MATCH = YES;
				COPY_PHASE_STRIP = NO;
				DEBUG_INFORMATION_FORMAT = dwarf;
				ENABLE_STRICT_OBJC_MSGSEND = YES;
				ENABLE_TESTABILITY = YES;
				GCC_C_LANGUAGE_STANDARD = gnu11;
				GCC_DYNAMIC_NO_PIC = NO;
				GCC_NO_COMMON_BLOCKS = YES;
				GCC_OPTIMIZATION_LEVEL = 0;
				GCC_PREPROCESSOR_DEFINITIONS = (
					"DEBUG=1",
					"$(inherited)",
				);
				GCC_WARN_64_TO_32_BIT_CONVERSION = YES;
				GCC_WARN_ABOUT_RETURN_TYPE = YES_ERROR;
				GCC_WARN_UNDECLARED_SELECTOR = YES;
				GCC_WARN_UNINITIALIZED_AUTOS = YES_AGGRESSIVE;
				GCC_WARN_UNUSED_FUNCTION = YES;
				GCC_WARN_UNUSED_VARIABLE = YES;
				IPHONEOS_DEPLOYMENT_TARGET = 15.0;
				MTL_ENABLE_DEBUG_INFO = INCLUDE_SOURCE;
				MTL_FAST_MATH = YES;
				ONLY_ACTIVE_ARCH = YES;
				SDKROOT = iphoneos;
				SWIFT_ACTIVE_COMPILATION_CONDITIONS = DEBUG;
				SWIFT_OPTIMIZATION_LEVEL = "-Onone";
			};
			name = Debug;
		};
		B422F74727A75F77005FD730 /* Release */ = {
			isa = XCBuildConfiguration;
			buildSettings = {
				ALWAYS_SEARCH_USER_PATHS = NO;
				CLANG_ANALYZER_NONNULL = YES;
				CLANG_ANALYZER_NUMBER_OBJECT_CONVERSION = YES_AGGRESSIVE;
				CLANG_CXX_LANGUAGE_STANDARD = "gnu++17";
				CLANG_CXX_LIBRARY = "libc++";
				CLANG_ENABLE_MODULES = YES;
				CLANG_ENABLE_OBJC_ARC = YES;
				CLANG_ENABLE_OBJC_WEAK = YES;
				CLANG_WARN_BLOCK_CAPTURE_AUTORELEASING = YES;
				CLANG_WARN_BOOL_CONVERSION = YES;
				CLANG_WARN_COMMA = YES;
				CLANG_WARN_CONSTANT_CONVERSION = YES;
				CLANG_WARN_DEPRECATED_OBJC_IMPLEMENTATIONS = YES;
				CLANG_WARN_DIRECT_OBJC_ISA_USAGE = YES_ERROR;
				CLANG_WARN_DOCUMENTATION_COMMENTS = YES;
				CLANG_WARN_EMPTY_BODY = YES;
				CLANG_WARN_ENUM_CONVERSION = YES;
				CLANG_WARN_INFINITE_RECURSION = YES;
				CLANG_WARN_INT_CONVERSION = YES;
				CLANG_WARN_NON_LITERAL_NULL_CONVERSION = YES;
				CLANG_WARN_OBJC_IMPLICIT_RETAIN_SELF = YES;
				CLANG_WARN_OBJC_LITERAL_CONVERSION = YES;
				CLANG_WARN_OBJC_ROOT_CLASS = YES_ERROR;
				CLANG_WARN_QUOTED_INCLUDE_IN_FRAMEWORK_HEADER = YES;
				CLANG_WARN_RANGE_LOOP_ANALYSIS = YES;
				CLANG_WARN_STRICT_PROTOTYPES = YES;
				CLANG_WARN_SUSPICIOUS_MOVE = YES;
				CLANG_WARN_UNGUARDED_AVAILABILITY = YES_AGGRESSIVE;
				CLANG_WARN_UNREACHABLE_CODE = YES;
				CLANG_WARN__DUPLICATE_METHOD_MATCH = YES;
				COPY_PHASE_STRIP = NO;
				DEBUG_INFORMATION_FORMAT = "dwarf-with-dsym";
				ENABLE_NS_ASSERTIONS = NO;
				ENABLE_STRICT_OBJC_MSGSEND = YES;
				GCC_C_LANGUAGE_STANDARD = gnu11;
				GCC_NO_COMMON_BLOCKS = YES;
				GCC_WARN_64_TO_32_BIT_CONVERSION = YES;
				GCC_WARN_ABOUT_RETURN_TYPE = YES_ERROR;
				GCC_WARN_UNDECLARED_SELECTOR = YES;
				GCC_WARN_UNINITIALIZED_AUTOS = YES_AGGRESSIVE;
				GCC_WARN_UNUSED_FUNCTION = YES;
				GCC_WARN_UNUSED_VARIABLE = YES;
				IPHONEOS_DEPLOYMENT_TARGET = 15.0;
				MTL_ENABLE_DEBUG_INFO = NO;
				MTL_FAST_MATH = YES;
				SDKROOT = iphoneos;
				SWIFT_COMPILATION_MODE = wholemodule;
				SWIFT_OPTIMIZATION_LEVEL = "-O";
				VALIDATE_PRODUCT = YES;
			};
			name = Release;
		};
		B422F74927A75F78005FD730 /* Debug */ = {
			isa = XCBuildConfiguration;
			buildSettings = {
				ASSETCATALOG_COMPILER_APPICON_NAME = AppIcon;
				ASSETCATALOG_COMPILER_GLOBAL_ACCENT_COLOR_NAME = AccentColor;
				CODE_SIGN_STYLE = Automatic;
				CURRENT_PROJECT_VERSION = 1;
				DEVELOPMENT_ASSET_PATHS = "\"Moonshot/Preview Content\"";
				DEVELOPMENT_TEAM = ZPS3H473KB;
				ENABLE_PREVIEWS = YES;
				GENERATE_INFOPLIST_FILE = YES;
				INFOPLIST_KEY_UIApplicationSceneManifest_Generation = YES;
				INFOPLIST_KEY_UIApplicationSupportsIndirectInputEvents = YES;
				INFOPLIST_KEY_UILaunchScreen_Generation = YES;
				INFOPLIST_KEY_UISupportedInterfaceOrientations_iPad = "UIInterfaceOrientationPortrait UIInterfaceOrientationPortraitUpsideDown UIInterfaceOrientationLandscapeLeft UIInterfaceOrientationLandscapeRight";
				INFOPLIST_KEY_UISupportedInterfaceOrientations_iPhone = "UIInterfaceOrientationPortrait UIInterfaceOrientationLandscapeLeft UIInterfaceOrientationLandscapeRight";
				LD_RUNPATH_SEARCH_PATHS = (
					"$(inherited)",
					"@executable_path/Frameworks",
				);
				MARKETING_VERSION = 1.0;
				PRODUCT_BUNDLE_IDENTIFIER = com.brightsummit.Moonshot;
				PRODUCT_NAME = "$(TARGET_NAME)";
				SWIFT_EMIT_LOC_STRINGS = YES;
				SWIFT_VERSION = 5.0;
				TARGETED_DEVICE_FAMILY = "1,2";
			};
			name = Debug;
		};
		B422F74A27A75F78005FD730 /* Release */ = {
			isa = XCBuildConfiguration;
			buildSettings = {
				ASSETCATALOG_COMPILER_APPICON_NAME = AppIcon;
				ASSETCATALOG_COMPILER_GLOBAL_ACCENT_COLOR_NAME = AccentColor;
				CODE_SIGN_STYLE = Automatic;
				CURRENT_PROJECT_VERSION = 1;
				DEVELOPMENT_ASSET_PATHS = "\"Moonshot/Preview Content\"";
				DEVELOPMENT_TEAM = ZPS3H473KB;
				ENABLE_PREVIEWS = YES;
				GENERATE_INFOPLIST_FILE = YES;
				INFOPLIST_KEY_UIApplicationSceneManifest_Generation = YES;
				INFOPLIST_KEY_UIApplicationSupportsIndirectInputEvents = YES;
				INFOPLIST_KEY_UILaunchScreen_Generation = YES;
				INFOPLIST_KEY_UISupportedInterfaceOrientations_iPad = "UIInterfaceOrientationPortrait UIInterfaceOrientationPortraitUpsideDown UIInterfaceOrientationLandscapeLeft UIInterfaceOrientationLandscapeRight";
				INFOPLIST_KEY_UISupportedInterfaceOrientations_iPhone = "UIInterfaceOrientationPortrait UIInterfaceOrientationLandscapeLeft UIInterfaceOrientationLandscapeRight";
				LD_RUNPATH_SEARCH_PATHS = (
					"$(inherited)",
					"@executable_path/Frameworks",
				);
				MARKETING_VERSION = 1.0;
				PRODUCT_BUNDLE_IDENTIFIER = com.brightsummit.Moonshot;
				PRODUCT_NAME = "$(TARGET_NAME)";
				SWIFT_EMIT_LOC_STRINGS = YES;
				SWIFT_VERSION = 5.0;
				TARGETED_DEVICE_FAMILY = "1,2";
			};
			name = Release;
		};
/* End XCBuildConfiguration section */

/* Begin XCConfigurationList section */
		B422F73527A75F65005FD730 /* Build configuration list for PBXProject "Moonshot" */ = {
			isa = XCConfigurationList;
			buildConfigurations = (
				B422F74627A75F77005FD730 /* Debug */,
				B422F74727A75F77005FD730 /* Release */,
			);
			defaultConfigurationIsVisible = 0;
			defaultConfigurationName = Release;
		};
		B422F74827A75F78005FD730 /* Build configuration list for PBXNativeTarget "Moonshot" */ = {
			isa = XCConfigurationList;
			buildConfigurations = (
				B422F74927A75F78005FD730 /* Debug */,
				B422F74A27A75F78005FD730 /* Release */,
			);
			defaultConfigurationIsVisible = 0;
			defaultConfigurationName = Release;
		};
/* End XCConfigurationList section */
	};
	rootObject = B422F73227A75F65005FD730 /* Project object */;
}
